
Microsoft Visual Studio Solution File, Format Version 12.00
# Visual Studio Version 17
VisualStudioVersion = 17.12.35527.113 d17.12
MinimumVisualStudioVersion = 10.0.40219.1
Project("{FAE04EC0-301F-11D3-BF4B-00C04F79EFBC}") = "Capstone_Milestone1", "Capstone_Milestone1\Capstone_Milestone1.csproj", "{AA4FB00E-1816-484F-AF4F-B1D3F200C133}"
EndProject
Global
	GlobalSection(SolutionConfigurationPlatforms) = preSolution
		Debug|Any CPU = Debug|Any CPU
		Release|Any CPU = Release|Any CPU
	EndGlobalSection
	GlobalSection(ProjectConfigurationPlatforms) = postSolution
		{AA4FB00E-1816-484F-AF4F-B1D3F200C133}.Debug|Any CPU.ActiveCfg = Debug|Any CPU
		{AA4FB00E-1816-484F-AF4F-B1D3F200C133}.Debug|Any CPU.Build.0 = Debug|Any CPU
		{AA4FB00E-1816-484F-AF4F-B1D3F200C133}.Release|Any CPU.ActiveCfg = Release|Any CPU
		{AA4FB00E-1816-484F-AF4F-B1D3F200C133}.Release|Any CPU.Build.0 = Release|Any CPU
	EndGlobalSection
	GlobalSection(SolutionProperties) = preSolution
		HideSolutionNode = FALSE
	EndGlobalSection
EndGlobal
